
Microsoft Visual Studio Solution File, Format Version 12.00
# Visual Studio Version 17
VisualStudioVersion = 17.14.37531.7 d17.14
MinimumVisualStudioVersion = 10.0.40219.1
Project("{FAE04EC0-301F-11D3-BF4B-00C04F79EFBC}") = "LunarLander", "LunarLander.csproj", "{33406070-23B1-459B-9F92-CBCAA8AD4024}"
EndProject
Project("{FAE04EC0-301F-11D3-BF4B-00C04F79EFBC}") = "Ruptus_kirjasto", "..\Ruptus_kirjasto\Ruptus_kirjasto.csproj", "{93CC8E20-93EA-8780-4036-CCBC0E3047B6}"
EndProject
Global
	GlobalSection(SolutionConfigurationPlatforms) = preSolution
		Debug|Any CPU = Debug|Any CPU
		Release|Any CPU = Release|Any CPU
	EndGlobalSection
	GlobalSection(ProjectConfigurationPlatforms) = postSolution
		{33406070-23B1-459B-9F92-CBCAA8AD4024}.Debug|Any CPU.ActiveCfg = Debug|Any CPU
		{33406070-23B1-459B-9F92-CBCAA8AD4024}.Debug|Any CPU.Build.0 = Debug|Any CPU
		{33406070-23B1-459B-9F92-CBCAA8AD4024}.Release|Any CPU.ActiveCfg = Release|Any CPU
		{33406070-23B1-459B-9F92-CBCAA8AD4024}.Release|Any CPU.Build.0 = Release|Any CPU
		{93CC8E20-93EA-8780-4036-CCBC0E3047B6}.Debug|Any CPU.ActiveCfg = Debug|Any CPU
		{93CC8E20-93EA-8780-4036-CCBC0E3047B6}.Debug|Any CPU.Build.0 = Debug|Any CPU
		{93CC8E20-93EA-8780-4036-CCBC0E3047B6}.Release|Any CPU.ActiveCfg = Release|Any CPU
		{93CC8E20-93EA-8780-4036-CCBC0E3047B6}.Release|Any CPU.Build.0 = Release|Any CPU
	EndGlobalSection
	GlobalSection(SolutionProperties) = preSolution
		HideSolutionNode = FALSE
	EndGlobalSection
	GlobalSection(ExtensibilityGlobals) = postSolution
		SolutionGuid = {1DCFAEDA-340F-4EB2-93A0-2130695E6A08}
	EndGlobalSection
EndGlobal
