
Microsoft Visual Studio Solution File, Format Version 12.00
# Visual Studio Version 17
VisualStudioVersion = 17.14.36401.2 d17.14
MinimumVisualStudioVersion = 10.0.40219.1
Project("{FAE04EC0-301F-11D3-BF4B-00C04F79EFBC}") = "starfield_demo", "starfield_demo.csproj", "{CA740E85-60E8-4808-96D2-EE7ED99161C6}"
EndProject
Global
	GlobalSection(SolutionConfigurationPlatforms) = preSolution
		Debug|Any CPU = Debug|Any CPU
		Release|Any CPU = Release|Any CPU
	EndGlobalSection
	GlobalSection(ProjectConfigurationPlatforms) = postSolution
		{CA740E85-60E8-4808-96D2-EE7ED99161C6}.Debug|Any CPU.ActiveCfg = Debug|Any CPU
		{CA740E85-60E8-4808-96D2-EE7ED99161C6}.Debug|Any CPU.Build.0 = Debug|Any CPU
		{CA740E85-60E8-4808-96D2-EE7ED99161C6}.Release|Any CPU.ActiveCfg = Release|Any CPU
		{CA740E85-60E8-4808-96D2-EE7ED99161C6}.Release|Any CPU.Build.0 = Release|Any CPU
	EndGlobalSection
	GlobalSection(SolutionProperties) = preSolution
		HideSolutionNode = FALSE
	EndGlobalSection
	GlobalSection(ExtensibilityGlobals) = postSolution
		SolutionGuid = {8539D2DD-FC6F-4A90-A415-8F5216B11DDD}
	EndGlobalSection
EndGlobal
