
Microsoft Visual Studio Solution File, Format Version 12.00
# Visual Studio Version 17
VisualStudioVersion = 17.14.37531.7
MinimumVisualStudioVersion = 10.0.40219.1
Project("{FAE04EC0-301F-11D3-BF4B-00C04F79EFBC}") = "Asteroids", "Asteroids.csproj", "{B9967479-82F4-479A-A1BB-06577CB7AD1E}"
EndProject
Project("{FAE04EC0-301F-11D3-BF4B-00C04F79EFBC}") = "Ruptus_kirjasto", "..\Ruptus_kirjasto\Ruptus_kirjasto.csproj", "{93CC8E20-93EA-8780-4036-CCBC0E3047B6}"
EndProject
Global
	GlobalSection(SolutionConfigurationPlatforms) = preSolution
		Debug|Any CPU = Debug|Any CPU
		Release|Any CPU = Release|Any CPU
	EndGlobalSection
	GlobalSection(ProjectConfigurationPlatforms) = postSolution
		{B9967479-82F4-479A-A1BB-06577CB7AD1E}.Debug|Any CPU.ActiveCfg = Debug|Any CPU
		{B9967479-82F4-479A-A1BB-06577CB7AD1E}.Debug|Any CPU.Build.0 = Debug|Any CPU
		{B9967479-82F4-479A-A1BB-06577CB7AD1E}.Release|Any CPU.ActiveCfg = Release|Any CPU
		{B9967479-82F4-479A-A1BB-06577CB7AD1E}.Release|Any CPU.Build.0 = Release|Any CPU
		{93CC8E20-93EA-8780-4036-CCBC0E3047B6}.Debug|Any CPU.ActiveCfg = Debug|Any CPU
		{93CC8E20-93EA-8780-4036-CCBC0E3047B6}.Debug|Any CPU.Build.0 = Debug|Any CPU
		{93CC8E20-93EA-8780-4036-CCBC0E3047B6}.Release|Any CPU.ActiveCfg = Release|Any CPU
		{93CC8E20-93EA-8780-4036-CCBC0E3047B6}.Release|Any CPU.Build.0 = Release|Any CPU
	EndGlobalSection
	GlobalSection(SolutionProperties) = preSolution
		HideSolutionNode = FALSE
	EndGlobalSection
	GlobalSection(ExtensibilityGlobals) = postSolution
		SolutionGuid = {FF87FA28-2497-4C71-987C-3436027E40D5}
	EndGlobalSection
EndGlobal
